
Microsoft Visual Studio Solution File, Format Version 12.00
# Visual Studio Version 16
VisualStudioVersion = 16.0.30104.148
MinimumVisualStudioVersion = 10.0.40219.1
Project("{FAE04EC0-301F-11D3-BF4B-00C04F79EFBC}") = "RubiksStuff", "RubiksStuff\RubiksStuff.csproj", "{9B47D727-6D8B-48C7-BBBB-D267BAD6EE01}"
EndProject
Global
	GlobalSection(SolutionConfigurationPlatforms) = preSolution
		Debug|Any CPU = Debug|Any CPU
		Release|Any CPU = Release|Any CPU
	EndGlobalSection
	GlobalSection(ProjectConfigurationPlatforms) = postSolution
		{9B47D727-6D8B-48C7-BBBB-D267BAD6EE01}.Debug|Any CPU.ActiveCfg = Debug|Any CPU
		{9B47D727-6D8B-48C7-BBBB-D267BAD6EE01}.Debug|Any CPU.Build.0 = Debug|Any CPU
		{9B47D727-6D8B-48C7-BBBB-D267BAD6EE01}.Release|Any CPU.ActiveCfg = Release|Any CPU
		{9B47D727-6D8B-48C7-BBBB-D267BAD6EE01}.Release|Any CPU.Build.0 = Release|Any CPU
	EndGlobalSection
	GlobalSection(SolutionProperties) = preSolution
		HideSolutionNode = FALSE
	EndGlobalSection
	GlobalSection(ExtensibilityGlobals) = postSolution
		SolutionGuid = {AC2AFA74-5CE9-496D-BFB7-6E95D9A5D120}
	EndGlobalSection
EndGlobal
